
Microsoft Visual Studio Solution File, Format Version 12.00
# Visual Studio Version 17
VisualStudioVersion = 17.0.32014.148
MinimumVisualStudioVersion = 10.0.40219.1
Project("{FAE04EC0-301F-11D3-BF4B-00C04F79EFBC}") = "AssetSystem", "AssetSystem\AssetSystem.csproj", "{B0642C4B-92C0-4352-AF21-F161F464831F}"
EndProject
Global
	GlobalSection(SolutionConfigurationPlatforms) = preSolution
		Debug|Any CPU = Debug|Any CPU
		Release|Any CPU = Release|Any CPU
	EndGlobalSection
	GlobalSection(ProjectConfigurationPlatforms) = postSolution
		{B0642C4B-92C0-4352-AF21-F161F464831F}.Debug|Any CPU.ActiveCfg = Debug|Any CPU
		{B0642C4B-92C0-4352-AF21-F161F464831F}.Debug|Any CPU.Build.0 = Debug|Any CPU
		{B0642C4B-92C0-4352-AF21-F161F464831F}.Release|Any CPU.ActiveCfg = Release|Any CPU
		{B0642C4B-92C0-4352-AF21-F161F464831F}.Release|Any CPU.Build.0 = Release|Any CPU
	EndGlobalSection
	GlobalSection(SolutionProperties) = preSolution
		HideSolutionNode = FALSE
	EndGlobalSection
	GlobalSection(ExtensibilityGlobals) = postSolution
		SolutionGuid = {9B5D365B-F50E-4A80-A481-95BC286731C9}
	EndGlobalSection
EndGlobal
